
Microsoft Visual Studio Solution File, Format Version 12.00
# Visual Studio 14
VisualStudioVersion = 14.0.25123.0
MinimumVisualStudioVersion = 10.0.40219.1
Project("{FAE04EC0-301F-11D3-BF4B-00C04F79EFBC}") = "AzureDeviceIdentityManager", "AzureDeviceIdentityManager\AzureDeviceIdentityManager.csproj", "{02335318-F5BD-4A2E-AA4A-96B21FBF578E}"
EndProject
Project("{FAE04EC0-301F-11D3-BF4B-00C04F79EFBC}") = "AzureDeviceSimulator", "AzureDeviceSimulator\AzureDeviceSimulator.csproj", "{F520DC3D-80A3-45D7-9E82-55B3E86AA938}"
EndProject
Project("{FAE04EC0-301F-11D3-BF4B-00C04F79EFBC}") = "AzureEventProcessor", "AzureEventProcessor\AzureEventProcessor.csproj", "{0A082EB9-ADA5-4872-9DDE-462F6FDAC340}"
EndProject
Project("{00D1A9C2-B5F0-4AF3-8072-F6C62B433612}") = "AzureSQL", "AzureSQL\AzureSQL.sqlproj", "{5902287B-7BA9-44FB-8DA6-F56CF7C69ABC}"
EndProject
Project("{3466B219-07DB-46AE-8697-CFD2A1650EC8}") = "AzureDataFactory", "AzureDataFactory\AzureDataFactory.dfproj", "{849C12C8-2858-4AE2-987B-C78F7C06C9BD}"
EndProject
Global
	GlobalSection(SolutionConfigurationPlatforms) = preSolution
		Debug|Any CPU = Debug|Any CPU
		Debug|x86 = Debug|x86
		Release|Any CPU = Release|Any CPU
		Release|x86 = Release|x86
	EndGlobalSection
	GlobalSection(ProjectConfigurationPlatforms) = postSolution
		{02335318-F5BD-4A2E-AA4A-96B21FBF578E}.Debug|Any CPU.ActiveCfg = Debug|Any CPU
		{02335318-F5BD-4A2E-AA4A-96B21FBF578E}.Debug|Any CPU.Build.0 = Debug|Any CPU
		{02335318-F5BD-4A2E-AA4A-96B21FBF578E}.Debug|x86.ActiveCfg = Debug|Any CPU
		{02335318-F5BD-4A2E-AA4A-96B21FBF578E}.Debug|x86.Build.0 = Debug|Any CPU
		{02335318-F5BD-4A2E-AA4A-96B21FBF578E}.Release|Any CPU.ActiveCfg = Release|Any CPU
		{02335318-F5BD-4A2E-AA4A-96B21FBF578E}.Release|Any CPU.Build.0 = Release|Any CPU
		{02335318-F5BD-4A2E-AA4A-96B21FBF578E}.Release|x86.ActiveCfg = Release|Any CPU
		{02335318-F5BD-4A2E-AA4A-96B21FBF578E}.Release|x86.Build.0 = Release|Any CPU
		{F520DC3D-80A3-45D7-9E82-55B3E86AA938}.Debug|Any CPU.ActiveCfg = Debug|Any CPU
		{F520DC3D-80A3-45D7-9E82-55B3E86AA938}.Debug|Any CPU.Build.0 = Debug|Any CPU
		{F520DC3D-80A3-45D7-9E82-55B3E86AA938}.Debug|x86.ActiveCfg = Debug|Any CPU
		{F520DC3D-80A3-45D7-9E82-55B3E86AA938}.Debug|x86.Build.0 = Debug|Any CPU
		{F520DC3D-80A3-45D7-9E82-55B3E86AA938}.Release|Any CPU.ActiveCfg = Release|Any CPU
		{F520DC3D-80A3-45D7-9E82-55B3E86AA938}.Release|Any CPU.Build.0 = Release|Any CPU
		{F520DC3D-80A3-45D7-9E82-55B3E86AA938}.Release|x86.ActiveCfg = Release|Any CPU
		{F520DC3D-80A3-45D7-9E82-55B3E86AA938}.Release|x86.Build.0 = Release|Any CPU
		{0A082EB9-ADA5-4872-9DDE-462F6FDAC340}.Debug|Any CPU.ActiveCfg = Debug|Any CPU
		{0A082EB9-ADA5-4872-9DDE-462F6FDAC340}.Debug|Any CPU.Build.0 = Debug|Any CPU
		{0A082EB9-ADA5-4872-9DDE-462F6FDAC340}.Debug|x86.ActiveCfg = Debug|Any CPU
		{0A082EB9-ADA5-4872-9DDE-462F6FDAC340}.Debug|x86.Build.0 = Debug|Any CPU
		{0A082EB9-ADA5-4872-9DDE-462F6FDAC340}.Release|Any CPU.ActiveCfg = Release|Any CPU
		{0A082EB9-ADA5-4872-9DDE-462F6FDAC340}.Release|Any CPU.Build.0 = Release|Any CPU
		{0A082EB9-ADA5-4872-9DDE-462F6FDAC340}.Release|x86.ActiveCfg = Release|Any CPU
		{0A082EB9-ADA5-4872-9DDE-462F6FDAC340}.Release|x86.Build.0 = Release|Any CPU
		{5902287B-7BA9-44FB-8DA6-F56CF7C69ABC}.Debug|Any CPU.ActiveCfg = Debug|Any CPU
		{5902287B-7BA9-44FB-8DA6-F56CF7C69ABC}.Debug|Any CPU.Build.0 = Debug|Any CPU
		{5902287B-7BA9-44FB-8DA6-F56CF7C69ABC}.Debug|Any CPU.Deploy.0 = Debug|Any CPU
		{5902287B-7BA9-44FB-8DA6-F56CF7C69ABC}.Debug|x86.ActiveCfg = Debug|Any CPU
		{5902287B-7BA9-44FB-8DA6-F56CF7C69ABC}.Debug|x86.Build.0 = Debug|Any CPU
		{5902287B-7BA9-44FB-8DA6-F56CF7C69ABC}.Debug|x86.Deploy.0 = Debug|Any CPU
		{5902287B-7BA9-44FB-8DA6-F56CF7C69ABC}.Release|Any CPU.ActiveCfg = Release|Any CPU
		{5902287B-7BA9-44FB-8DA6-F56CF7C69ABC}.Release|Any CPU.Build.0 = Release|Any CPU
		{5902287B-7BA9-44FB-8DA6-F56CF7C69ABC}.Release|Any CPU.Deploy.0 = Release|Any CPU
		{5902287B-7BA9-44FB-8DA6-F56CF7C69ABC}.Release|x86.ActiveCfg = Release|Any CPU
		{5902287B-7BA9-44FB-8DA6-F56CF7C69ABC}.Release|x86.Build.0 = Release|Any CPU
		{5902287B-7BA9-44FB-8DA6-F56CF7C69ABC}.Release|x86.Deploy.0 = Release|Any CPU
		{849C12C8-2858-4AE2-987B-C78F7C06C9BD}.Debug|Any CPU.ActiveCfg = Debug|x86
		{849C12C8-2858-4AE2-987B-C78F7C06C9BD}.Debug|x86.ActiveCfg = Debug|x86
		{849C12C8-2858-4AE2-987B-C78F7C06C9BD}.Debug|x86.Build.0 = Debug|x86
		{849C12C8-2858-4AE2-987B-C78F7C06C9BD}.Release|Any CPU.ActiveCfg = Release|x86
		{849C12C8-2858-4AE2-987B-C78F7C06C9BD}.Release|x86.ActiveCfg = Release|x86
		{849C12C8-2858-4AE2-987B-C78F7C06C9BD}.Release|x86.Build.0 = Release|x86
	EndGlobalSection
	GlobalSection(SolutionProperties) = preSolution
		HideSolutionNode = FALSE
	EndGlobalSection
EndGlobal
